
Microsoft Visual Studio Solution File, Format Version 12.00
# Visual Studio Version 17
VisualStudioVersion = 17.14.36301.6 d17.14
MinimumVisualStudioVersion = 10.0.40219.1
Project("{FAE04EC0-301F-11D3-BF4B-00C04F79EFBC}") = "Habit-Traker.U-riani", "Habit-Traker.U-riani\Habit-Traker.U-riani.csproj", "{D91BD619-CBFC-4516-B876-CC5C1C31E499}"
EndProject
Global
	GlobalSection(SolutionConfigurationPlatforms) = preSolution
		Debug|Any CPU = Debug|Any CPU
		Release|Any CPU = Release|Any CPU
	EndGlobalSection
	GlobalSection(ProjectConfigurationPlatforms) = postSolution
		{D91BD619-CBFC-4516-B876-CC5C1C31E499}.Debug|Any CPU.ActiveCfg = Debug|Any CPU
		{D91BD619-CBFC-4516-B876-CC5C1C31E499}.Debug|Any CPU.Build.0 = Debug|Any CPU
		{D91BD619-CBFC-4516-B876-CC5C1C31E499}.Release|Any CPU.ActiveCfg = Release|Any CPU
		{D91BD619-CBFC-4516-B876-CC5C1C31E499}.Release|Any CPU.Build.0 = Release|Any CPU
	EndGlobalSection
	GlobalSection(SolutionProperties) = preSolution
		HideSolutionNode = FALSE
	EndGlobalSection
	GlobalSection(ExtensibilityGlobals) = postSolution
		SolutionGuid = {A84B4ED8-8F6D-49C1-B740-19EC64D5822A}
	EndGlobalSection
EndGlobal
